
Microsoft Visual Studio Solution File, Format Version 12.00
# Visual Studio Version 17
VisualStudioVersion = 17.3.32922.545
MinimumVisualStudioVersion = 10.0.40219.1
Project("{FAE04EC0-301F-11D3-BF4B-00C04F79EFBC}") = "DataStructure-BinarySearchTree", "DataStructure-BinarySearchTree\DataStructure-BinarySearchTree.csproj", "{4BD44BD4-2930-4315-AA06-BCDF46DCF5CC}"
EndProject
Global
	GlobalSection(SolutionConfigurationPlatforms) = preSolution
		Debug|Any CPU = Debug|Any CPU
		Release|Any CPU = Release|Any CPU
	EndGlobalSection
	GlobalSection(ProjectConfigurationPlatforms) = postSolution
		{4BD44BD4-2930-4315-AA06-BCDF46DCF5CC}.Debug|Any CPU.ActiveCfg = Debug|Any CPU
		{4BD44BD4-2930-4315-AA06-BCDF46DCF5CC}.Debug|Any CPU.Build.0 = Debug|Any CPU
		{4BD44BD4-2930-4315-AA06-BCDF46DCF5CC}.Release|Any CPU.ActiveCfg = Release|Any CPU
		{4BD44BD4-2930-4315-AA06-BCDF46DCF5CC}.Release|Any CPU.Build.0 = Release|Any CPU
	EndGlobalSection
	GlobalSection(SolutionProperties) = preSolution
		HideSolutionNode = FALSE
	EndGlobalSection
	GlobalSection(ExtensibilityGlobals) = postSolution
		SolutionGuid = {CEEEDC91-BFD1-4F10-9927-956BAD3C4446}
	EndGlobalSection
EndGlobal
